
Microsoft Visual Studio Solution File, Format Version 12.00
# Visual Studio Version 17
VisualStudioVersion = 17.8.34601.278
MinimumVisualStudioVersion = 10.0.40219.1
Project("{FAE04EC0-301F-11D3-BF4B-00C04F79EFBC}") = "ConsistentHashingDemo", "ConsistentHashingDemo\ConsistentHashingDemo.csproj", "{7911ED6B-5C19-4AC1-A403-72EC9F44DDDB}"
EndProject
Global
	GlobalSection(SolutionConfigurationPlatforms) = preSolution
		Debug|Any CPU = Debug|Any CPU
		Release|Any CPU = Release|Any CPU
	EndGlobalSection
	GlobalSection(ProjectConfigurationPlatforms) = postSolution
		{7911ED6B-5C19-4AC1-A403-72EC9F44DDDB}.Debug|Any CPU.ActiveCfg = Debug|Any CPU
		{7911ED6B-5C19-4AC1-A403-72EC9F44DDDB}.Debug|Any CPU.Build.0 = Debug|Any CPU
		{7911ED6B-5C19-4AC1-A403-72EC9F44DDDB}.Release|Any CPU.ActiveCfg = Release|Any CPU
		{7911ED6B-5C19-4AC1-A403-72EC9F44DDDB}.Release|Any CPU.Build.0 = Release|Any CPU
	EndGlobalSection
	GlobalSection(SolutionProperties) = preSolution
		HideSolutionNode = FALSE
	EndGlobalSection
	GlobalSection(ExtensibilityGlobals) = postSolution
		SolutionGuid = {A311D0C0-9F0B-4004-AA24-526E5A46E382}
	EndGlobalSection
EndGlobal
